
Microsoft Visual Studio Solution File, Format Version 12.00
# Visual Studio Version 16
VisualStudioVersion = 16.0.29613.14
MinimumVisualStudioVersion = 10.0.40219.1
Project("{FAE04EC0-301F-11D3-BF4B-00C04F79EFBC}") = "AplicacaoCinema", "AplicacaoCinema\AplicacaoCinema.csproj", "{28B8E43D-B69D-4A8C-BA40-852D2F9BAE14}"
EndProject
Global
	GlobalSection(SolutionConfigurationPlatforms) = preSolution
		Debug|Any CPU = Debug|Any CPU
		Release|Any CPU = Release|Any CPU
	EndGlobalSection
	GlobalSection(ProjectConfigurationPlatforms) = postSolution
		{28B8E43D-B69D-4A8C-BA40-852D2F9BAE14}.Debug|Any CPU.ActiveCfg = Debug|Any CPU
		{28B8E43D-B69D-4A8C-BA40-852D2F9BAE14}.Debug|Any CPU.Build.0 = Debug|Any CPU
		{28B8E43D-B69D-4A8C-BA40-852D2F9BAE14}.Release|Any CPU.ActiveCfg = Release|Any CPU
		{28B8E43D-B69D-4A8C-BA40-852D2F9BAE14}.Release|Any CPU.Build.0 = Release|Any CPU
	EndGlobalSection
	GlobalSection(SolutionProperties) = preSolution
		HideSolutionNode = FALSE
	EndGlobalSection
	GlobalSection(ExtensibilityGlobals) = postSolution
		SolutionGuid = {AA382587-87F4-4CB8-A581-60DF769F97D6}
	EndGlobalSection
EndGlobal
